// !$*UTF8*$!
{
	archiveVersion = 1;
	classes = {
	};
	objectVersion = 50;
	objects = {

/* Begin PBXBuildFile section */
		65C5D69C2279D2E600FF848D /* AppDelegate.swift in Sources */ = {isa = PBXBuildFile; fileRef = 65C5D69B2279D2E600FF848D /* AppDelegate.swift */; };
		65C5D69E2279D2E600FF848D /* ViewController.swift in Sources */ = {isa = PBXBuildFile; fileRef = 65C5D69D2279D2E600FF848D /* ViewController.swift */; };
		65C5D6A12279D2E600FF848D /* Main.storyboard in Resources */ = {isa = PBXBuildFile; fileRef = 65C5D69F2279D2E600FF848D /* Main.storyboard */; };
		65C5D6A32279D2E600FF848D /* Assets.xcassets in Resources */ = {isa = PBXBuildFile; fileRef = 65C5D6A22279D2E600FF848D /* Assets.xcassets */; };
		65C5D6A62279D2E600FF848D /* LaunchScreen.storyboard in Resources */ = {isa = PBXBuildFile; fileRef = 65C5D6A42279D2E600FF848D /* LaunchScreen.storyboard */; };
		65C5D6AE2279D30900FF848D /* KeychainPasswordItem.swift in Sources */ = {isa = PBXBuildFile; fileRef = 65C5D6AD2279D30900FF848D /* KeychainPasswordItem.swift */; };
/* End PBXBuildFile section */

/* Begin PBXFileReference section */
		65C5D6982279D2E600FF848D /* KeychainPasswordStorage.app */ = {isa = PBXFileReference; explicitFileType = wrapper.application; includeInIndex = 0; path = KeychainPasswordStorage.app; sourceTree = BUILT_PRODUCTS_DIR; };
		65C5D69B2279D2E600FF848D /* AppDelegate.swift */ = {isa = PBXFileReference; lastKnownFileType = sourcecode.swift; path = AppDelegate.swift; sourceTree = "<group>"; };
		65C5D69D2279D2E600FF848D /* ViewController.swift */ = {isa = PBXFileReference; lastKnownFileType = sourcecode.swift; path = ViewController.swift; sourceTree = "<group>"; };
		65C5D6A02279D2E600FF848D /* Base */ = {isa = PBXFileReference; lastKnownFileType = file.storyboard; name = Base; path = Base.lproj/Main.storyboard; sourceTree = "<group>"; };
		65C5D6A22279D2E600FF848D /* Assets.xcassets */ = {isa = PBXFileReference; lastKnownFileType = folder.assetcatalog; path = Assets.xcassets; sourceTree = "<group>"; };
		65C5D6A52279D2E600FF848D /* Base */ = {isa = PBXFileReference; lastKnownFileType = file.storyboard; name = Base; path = Base.lproj/LaunchScreen.storyboard; sourceTree = "<group>"; };
		65C5D6A72279D2E600FF848D /* Info.plist */ = {isa = PBXFileReference; lastKnownFileType = text.plist.xml; path = Info.plist; sourceTree = "<group>"; };
		65C5D6AD2279D30900FF848D /* KeychainPasswordItem.swift */ = {isa = PBXFileReference; lastKnownFileType = sourcecode.swift; path = KeychainPasswordItem.swift; sourceTree = "<group>"; };
/* End PBXFileReference section */

/* Begin PBXFrameworksBuildPhase section */
		65C5D6952279D2E600FF848D /* Frameworks */ = {
			isa = PBXFrameworksBuildPhase;
			buildActionMask = 2147483647;
			files = (
			);
			runOnlyForDeploymentPostprocessing = 0;
		};
/* End PBXFrameworksBuildPhase section */

/* Begin PBXGroup section */
		65C5D68F2279D2E600FF848D = {
			isa = PBXGroup;
			children = (
				65C5D69A2279D2E600FF848D /* KeychainPasswordStorage */,
				65C5D6992279D2E600FF848D /* Products */,
			);
			sourceTree = "<group>";
		};
		65C5D6992279D2E600FF848D /* Products */ = {
			isa = PBXGroup;
			children = (
				65C5D6982279D2E600FF848D /* KeychainPasswordStorage.app */,
			);
			name = Products;
			sourceTree = "<group>";
		};
		65C5D69A2279D2E600FF848D /* KeychainPasswordStorage */ = {
			isa = PBXGroup;
			children = (
				65C5D69B2279D2E600FF848D /* AppDelegate.swift */,
				65C5D69D2279D2E600FF848D /* ViewController.swift */,
				65C5D69F2279D2E600FF848D /* Main.storyboard */,
				65C5D6A22279D2E600FF848D /* Assets.xcassets */,
				65C5D6A42279D2E600FF848D /* LaunchScreen.storyboard */,
				65C5D6A72279D2E600FF848D /* Info.plist */,
				65C5D6AD2279D30900FF848D /* KeychainPasswordItem.swift */,
			);
			path = KeychainPasswordStorage;
			sourceTree = "<group>";
		};
/* End PBXGroup section */

/* Begin PBXNativeTarget section */
		65C5D6972279D2E600FF848D /* KeychainPasswordStorage */ = {
			isa = PBXNativeTarget;
			buildConfigurationList = 65C5D6AA2279D2E600FF848D /* Build configuration list for PBXNativeTarget "KeychainPasswordStorage" */;
			buildPhases = (
				65C5D6942279D2E600FF848D /* Sources */,
				65C5D6952279D2E600FF848D /* Frameworks */,
				65C5D6962279D2E600FF848D /* Resources */,
			);
			buildRules = (
			);
			dependencies = (
			);
			name = KeychainPasswordStorage;
			productName = KeychainPasswordStorage;
			productReference = 65C5D6982279D2E600FF848D /* KeychainPasswordStorage.app */;
			productType = "com.apple.product-type.application";
		};
/* End PBXNativeTarget section */

/* Begin PBXProject section */
		65C5D6902279D2E600FF848D /* Project object */ = {
			isa = PBXProject;
			attributes = {
				LastSwiftUpdateCheck = 1020;
				LastUpgradeCheck = 1020;
				ORGANIZATIONNAME = Anjum;
				TargetAttributes = {
					65C5D6972279D2E600FF848D = {
						CreatedOnToolsVersion = 10.2;
					};
				};
			};
			buildConfigurationList = 65C5D6932279D2E600FF848D /* Build configuration list for PBXProject "KeychainPasswordStorage" */;
			compatibilityVersion = "Xcode 9.3";
			developmentRegion = en;
			hasScannedForEncodings = 0;
			knownRegions = (
				en,
				Base,
			);
			mainGroup = 65C5D68F2279D2E600FF848D;
			productRefGroup = 65C5D6992279D2E600FF848D /* Products */;
			projectDirPath = "";
			projectRoot = "";
			targets = (
				65C5D6972279D2E600FF848D /* KeychainPasswordStorage */,
			);
		};
/* End PBXProject section */

/* Begin PBXResourcesBuildPhase section */
		65C5D6962279D2E600FF848D /* Resources */ = {
			isa = PBXResourcesBuildPhase;
			buildActionMask = 2147483647;
			files = (
				65C5D6A62279D2E600FF848D /* LaunchScreen.storyboard in Resources */,
				65C5D6A32279D2E600FF848D /* Assets.xcassets in Resources */,
				65C5D6A12279D2E600FF848D /* Main.storyboard in Resources */,
			);
			runOnlyForDeploymentPostprocessing = 0;
		};
/* End PBXResourcesBuildPhase section */

/* Begin PBXSourcesBuildPhase section */
		65C5D6942279D2E600FF848D /* Sources */ = {
			isa = PBXSourcesBuildPhase;
			buildActionMask = 2147483647;
			files = (
				65C5D69E2279D2E600FF848D /* ViewController.swift in Sources */,
				65C5D69C2279D2E600FF848D /* AppDelegate.swift in Sources */,
				65C5D6AE2279D30900FF848D /* KeychainPasswordItem.swift in Sources */,
			);
			runOnlyForDeploymentPostprocessing = 0;
		};
/* End PBXSourcesBuildPhase section */

/* Begin PBXVariantGroup section */
		65C5D69F2279D2E600FF848D /* Main.storyboard */ = {
			isa = PBXVariantGroup;
			children = (
				65C5D6A02279D2E600FF848D /* Base */,
			);
			name = Main.storyboard;
			sourceTree = "<group>";
		};
		65C5D6A42279D2E600FF848D /* LaunchScreen.storyboard */ = {
			isa = PBXVariantGroup;
			children = (
				65C5D6A52279D2E600FF848D /* Base */,
			);
			name = LaunchScreen.storyboard;
			sourceTree = "<group>";
		};
/* End PBXVariantGroup section */

/* Begin XCBuildConfiguration section */
		65C5D6A82279D2E600FF848D /* Debug */ = {
			isa = XCBuildConfiguration;
			buildSettings = {
				ALWAYS_SEARCH_USER_PATHS = NO;
				CLANG_ANALYZER_NONNULL = YES;
				CLANG_ANALYZER_NUMBER_OBJECT_CONVERSION = YES_AGGRESSIVE;
				CLANG_CXX_LANGUAGE_STANDARD = "gnu++14";
				CLANG_CXX_LIBRARY = "libc++";
				CLANG_ENABLE_MODULES = YES;
				CLANG_ENABLE_OBJC_ARC = YES;
				CLANG_ENABLE_OBJC_WEAK = YES;
				CLANG_WARN_BLOCK_CAPTURE_AUTORELEASING = YES;
				CLANG_WARN_BOOL_CONVERSION = YES;
				CLANG_WARN_COMMA = YES;
				CLANG_WARN_CONSTANT_CONVERSION = YES;
				CLANG_WARN_DEPRECATED_OBJC_IMPLEMENTATIONS = YES;
				CLANG_WARN_DIRECT_OBJC_ISA_USAGE = YES_ERROR;
				CLANG_WARN_DOCUMENTATION_COMMENTS = YES;
				CLANG_WARN_EMPTY_BODY = YES;
				CLANG_WARN_ENUM_CONVERSION = YES;
				CLANG_WARN_INFINITE_RECURSION = YES;
				CLANG_WARN_INT_CONVERSION = YES;
				CLANG_WARN_NON_LITERAL_NULL_CONVERSION = YES;
				CLANG_WARN_OBJC_IMPLICIT_RETAIN_SELF = YES;
				CLANG_WARN_OBJC_LITERAL_CONVERSION = YES;
				CLANG_WARN_OBJC_ROOT_CLASS = YES_ERROR;
				CLANG_WARN_RANGE_LOOP_ANALYSIS = YES;
				CLANG_WARN_STRICT_PROTOTYPES = YES;
				CLANG_WARN_SUSPICIOUS_MOVE = YES;
				CLANG_WARN_UNGUARDED_AVAILABILITY = YES_AGGRESSIVE;
				CLANG_WARN_UNREACHABLE_CODE = YES;
				CLANG_WARN__DUPLICATE_METHOD_MATCH = YES;
				CODE_SIGN_IDENTITY = "iPhone Developer";
				COPY_PHASE_STRIP = NO;
				DEBUG_INFORMATION_FORMAT = dwarf;
				ENABLE_STRICT_OBJC_MSGSEND = YES;
				ENABLE_TESTABILITY = YES;
				GCC_C_LANGUAGE_STANDARD = gnu11;
				GCC_DYNAMIC_NO_PIC = NO;
				GCC_NO_COMMON_BLOCKS = YES;
				GCC_OPTIMIZATION_LEVEL = 0;
				GCC_PREPROCESSOR_DEFINITIONS = (
					"DEBUG=1",
					"$(inherited)",
				);
				GCC_WARN_64_TO_32_BIT_CONVERSION = YES;
				GCC_WARN_ABOUT_RETURN_TYPE = YES_ERROR;
				GCC_WARN_UNDECLARED_SELECTOR = YES;
				GCC_WARN_UNINITIALIZED_AUTOS = YES_AGGRESSIVE;
				GCC_WARN_UNUSED_FUNCTION = YES;
				GCC_WARN_UNUSED_VARIABLE = YES;
				IPHONEOS_DEPLOYMENT_TARGET = 12.2;
				MTL_ENABLE_DEBUG_INFO = INCLUDE_SOURCE;
				MTL_FAST_MATH = YES;
				ONLY_ACTIVE_ARCH = YES;
				SDKROOT = iphoneos;
				SWIFT_ACTIVE_COMPILATION_CONDITIONS = DEBUG;
				SWIFT_OPTIMIZATION_LEVEL = "-Onone";
			};
			name = Debug;
		};
		65C5D6A92279D2E600FF848D /* Release */ = {
			isa = XCBuildConfiguration;
			buildSettings = {
				ALWAYS_SEARCH_USER_PATHS = NO;
				CLANG_ANALYZER_NONNULL = YES;
				CLANG_ANALYZER_NUMBER_OBJECT_CONVERSION = YES_AGGRESSIVE;
				CLANG_CXX_LANGUAGE_STANDARD = "gnu++14";
				CLANG_CXX_LIBRARY = "libc++";
				CLANG_ENABLE_MODULES = YES;
				CLANG_ENABLE_OBJC_ARC = YES;
				CLANG_ENABLE_OBJC_WEAK = YES;
				CLANG_WARN_BLOCK_CAPTURE_AUTORELEASING = YES;
				CLANG_WARN_BOOL_CONVERSION = YES;
				CLANG_WARN_COMMA = YES;
				CLANG_WARN_CONSTANT_CONVERSION = YES;
				CLANG_WARN_DEPRECATED_OBJC_IMPLEMENTATIONS = YES;
				CLANG_WARN_DIRECT_OBJC_ISA_USAGE = YES_ERROR;
				CLANG_WARN_DOCUMENTATION_COMMENTS = YES;
				CLANG_WARN_EMPTY_BODY = YES;
				CLANG_WARN_ENUM_CONVERSION = YES;
				CLANG_WARN_INFINITE_RECURSION = YES;
				CLANG_WARN_INT_CONVERSION = YES;
				CLANG_WARN_NON_LITERAL_NULL_CONVERSION = YES;
				CLANG_WARN_OBJC_IMPLICIT_RETAIN_SELF = YES;
				CLANG_WARN_OBJC_LITERAL_CONVERSION = YES;
				CLANG_WARN_OBJC_ROOT_CLASS = YES_ERROR;
				CLANG_WARN_RANGE_LOOP_ANALYSIS = YES;
				CLANG_WARN_STRICT_PROTOTYPES = YES;
				CLANG_WARN_SUSPICIOUS_MOVE = YES;
				CLANG_WARN_UNGUARDED_AVAILABILITY = YES_AGGRESSIVE;
				CLANG_WARN_UNREACHABLE_CODE = YES;
				CLANG_WARN__DUPLICATE_METHOD_MATCH = YES;
				CODE_SIGN_IDENTITY = "iPhone Developer";
				COPY_PHASE_STRIP = NO;
				DEBUG_INFORMATION_FORMAT = "dwarf-with-dsym";
				ENABLE_NS_ASSERTIONS = NO;
				ENABLE_STRICT_OBJC_MSGSEND = YES;
				GCC_C_LANGUAGE_STANDARD = gnu11;
				GCC_NO_COMMON_BLOCKS = YES;
				GCC_WARN_64_TO_32_BIT_CONVERSION = YES;
				GCC_WARN_ABOUT_RETURN_TYPE = YES_ERROR;
				GCC_WARN_UNDECLARED_SELECTOR = YES;
				GCC_WARN_UNINITIALIZED_AUTOS = YES_AGGRESSIVE;
				GCC_WARN_UNUSED_FUNCTION = YES;
				GCC_WARN_UNUSED_VARIABLE = YES;
				IPHONEOS_DEPLOYMENT_TARGET = 12.2;
				MTL_ENABLE_DEBUG_INFO = NO;
				MTL_FAST_MATH = YES;
				SDKROOT = iphoneos;
				SWIFT_COMPILATION_MODE = wholemodule;
				SWIFT_OPTIMIZATION_LEVEL = "-O";
				VALIDATE_PRODUCT = YES;
			};
			name = Release;
		};
		65C5D6AB2279D2E600FF848D /* Debug */ = {
			isa = XCBuildConfiguration;
			buildSettings = {
				ASSETCATALOG_COMPILER_APPICON_NAME = AppIcon;
				CODE_SIGN_STYLE = Automatic;
				DEVELOPMENT_TEAM = YSMFM25N4P;
				INFOPLIST_FILE = KeychainPasswordStorage/Info.plist;
				LD_RUNPATH_SEARCH_PATHS = (
					"$(inherited)",
					"@executable_path/Frameworks",
				);
				PRODUCT_BUNDLE_IDENTIFIER = com.anjum.KeychainPasswordStorage;
				PRODUCT_NAME = "$(TARGET_NAME)";
				SWIFT_VERSION = 5.0;
				TARGETED_DEVICE_FAMILY = "1,2";
			};
			name = Debug;
		};
		65C5D6AC2279D2E600FF848D /* Release */ = {
			isa = XCBuildConfiguration;
			buildSettings = {
				ASSETCATALOG_COMPILER_APPICON_NAME = AppIcon;
				CODE_SIGN_STYLE = Automatic;
				DEVELOPMENT_TEAM = YSMFM25N4P;
				INFOPLIST_FILE = KeychainPasswordStorage/Info.plist;
				LD_RUNPATH_SEARCH_PATHS = (
					"$(inherited)",
					"@executable_path/Frameworks",
				);
				PRODUCT_BUNDLE_IDENTIFIER = com.anjum.KeychainPasswordStorage;
				PRODUCT_NAME = "$(TARGET_NAME)";
				SWIFT_VERSION = 5.0;
				TARGETED_DEVICE_FAMILY = "1,2";
			};
			name = Release;
		};
/* End XCBuildConfiguration section */

/* Begin XCConfigurationList section */
		65C5D6932279D2E600FF848D /* Build configuration list for PBXProject "KeychainPasswordStorage" */ = {
			isa = XCConfigurationList;
			buildConfigurations = (
				65C5D6A82279D2E600FF848D /* Debug */,
				65C5D6A92279D2E600FF848D /* Release */,
			);
			defaultConfigurationIsVisible = 0;
			defaultConfigurationName = Release;
		};
		65C5D6AA2279D2E600FF848D /* Build configuration list for PBXNativeTarget "KeychainPasswordStorage" */ = {
			isa = XCConfigurationList;
			buildConfigurations = (
				65C5D6AB2279D2E600FF848D /* Debug */,
				65C5D6AC2279D2E600FF848D /* Release */,
			);
			defaultConfigurationIsVisible = 0;
			defaultConfigurationName = Release;
		};
/* End XCConfigurationList section */
	};
	rootObject = 65C5D6902279D2E600FF848D /* Project object */;
}
